
Microsoft Visual Studio Solution File, Format Version 12.00
# Visual Studio Version 16
VisualStudioVersion = 16.0.29721.120
MinimumVisualStudioVersion = 10.0.40219.1
Project("{FAE04EC0-301F-11D3-BF4B-00C04F79EFBC}") = "Düzce University Learner's Dictionary", "Cambridge Learner's Dictionary\Düzce University Learner's Dictionary.csproj", "{23956372-2FFA-4629-B09E-287101637970}"
EndProject
Global
	GlobalSection(SolutionConfigurationPlatforms) = preSolution
		Debug|Any CPU = Debug|Any CPU
		Release|Any CPU = Release|Any CPU
	EndGlobalSection
	GlobalSection(ProjectConfigurationPlatforms) = postSolution
		{23956372-2FFA-4629-B09E-287101637970}.Debug|Any CPU.ActiveCfg = Debug|Any CPU
		{23956372-2FFA-4629-B09E-287101637970}.Debug|Any CPU.Build.0 = Debug|Any CPU
		{23956372-2FFA-4629-B09E-287101637970}.Release|Any CPU.ActiveCfg = Release|Any CPU
		{23956372-2FFA-4629-B09E-287101637970}.Release|Any CPU.Build.0 = Release|Any CPU
	EndGlobalSection
	GlobalSection(SolutionProperties) = preSolution
		HideSolutionNode = FALSE
	EndGlobalSection
	GlobalSection(ExtensibilityGlobals) = postSolution
		SolutionGuid = {CB0DAB8E-17AE-4100-AC56-D6A311046CB4}
	EndGlobalSection
EndGlobal
